// !$*UTF8*$!
{
	archiveVersion = 1;
	classes = {
	};
	objectVersion = 46;
	objects = {

/* Begin PBXBuildFile section */
		A1947E701F70FCE300B73828 /* main.m in Sources */ = {isa = PBXBuildFile; fileRef = A1947E6F1F70FCE300B73828 /* main.m */; };
		A1947E731F70FCE300B73828 /* AppDelegate.m in Sources */ = {isa = PBXBuildFile; fileRef = A1947E721F70FCE300B73828 /* AppDelegate.m */; };
		A1947E761F70FCE300B73828 /* ViewController.m in Sources */ = {isa = PBXBuildFile; fileRef = A1947E751F70FCE300B73828 /* ViewController.m */; };
		A1947E791F70FCE300B73828 /* Main.storyboard in Resources */ = {isa = PBXBuildFile; fileRef = A1947E771F70FCE300B73828 /* Main.storyboard */; };
		A1947E7B1F70FCE300B73828 /* Assets.xcassets in Resources */ = {isa = PBXBuildFile; fileRef = A1947E7A1F70FCE300B73828 /* Assets.xcassets */; };
		A1947E7E1F70FCE300B73828 /* LaunchScreen.storyboard in Resources */ = {isa = PBXBuildFile; fileRef = A1947E7C1F70FCE300B73828 /* LaunchScreen.storyboard */; };
/* End PBXBuildFile section */

/* Begin PBXFileReference section */
		A1947E6B1F70FCE300B73828 /* TouchUnLock.app */ = {isa = PBXFileReference; explicitFileType = wrapper.application; includeInIndex = 0; path = TouchUnLock.app; sourceTree = BUILT_PRODUCTS_DIR; };
		A1947E6F1F70FCE300B73828 /* main.m */ = {isa = PBXFileReference; lastKnownFileType = sourcecode.c.objc; path = main.m; sourceTree = "<group>"; };
		A1947E711F70FCE300B73828 /* AppDelegate.h */ = {isa = PBXFileReference; lastKnownFileType = sourcecode.c.h; path = AppDelegate.h; sourceTree = "<group>"; };
		A1947E721F70FCE300B73828 /* AppDelegate.m */ = {isa = PBXFileReference; lastKnownFileType = sourcecode.c.objc; path = AppDelegate.m; sourceTree = "<group>"; };
		A1947E741F70FCE300B73828 /* ViewController.h */ = {isa = PBXFileReference; lastKnownFileType = sourcecode.c.h; path = ViewController.h; sourceTree = "<group>"; };
		A1947E751F70FCE300B73828 /* ViewController.m */ = {isa = PBXFileReference; lastKnownFileType = sourcecode.c.objc; path = ViewController.m; sourceTree = "<group>"; };
		A1947E781F70FCE300B73828 /* Base */ = {isa = PBXFileReference; lastKnownFileType = file.storyboard; name = Base; path = Base.lproj/Main.storyboard; sourceTree = "<group>"; };
		A1947E7A1F70FCE300B73828 /* Assets.xcassets */ = {isa = PBXFileReference; lastKnownFileType = folder.assetcatalog; path = Assets.xcassets; sourceTree = "<group>"; };
		A1947E7D1F70FCE300B73828 /* Base */ = {isa = PBXFileReference; lastKnownFileType = file.storyboard; name = Base; path = Base.lproj/LaunchScreen.storyboard; sourceTree = "<group>"; };
		A1947E7F1F70FCE300B73828 /* Info.plist */ = {isa = PBXFileReference; lastKnownFileType = text.plist.xml; path = Info.plist; sourceTree = "<group>"; };
/* End PBXFileReference section */

/* Begin PBXFrameworksBuildPhase section */
		A1947E681F70FCE300B73828 /* Frameworks */ = {
			isa = PBXFrameworksBuildPhase;
			buildActionMask = 2147483647;
			files = (
			);
			runOnlyForDeploymentPostprocessing = 0;
		};
/* End PBXFrameworksBuildPhase section */

/* Begin PBXGroup section */
		A1947E621F70FCE300B73828 = {
			isa = PBXGroup;
			children = (
				A1947E6D1F70FCE300B73828 /* TouchUnLock */,
				A1947E6C1F70FCE300B73828 /* Products */,
			);
			sourceTree = "<group>";
		};
		A1947E6C1F70FCE300B73828 /* Products */ = {
			isa = PBXGroup;
			children = (
				A1947E6B1F70FCE300B73828 /* TouchUnLock.app */,
			);
			name = Products;
			sourceTree = "<group>";
		};
		A1947E6D1F70FCE300B73828 /* TouchUnLock */ = {
			isa = PBXGroup;
			children = (
				A1947E711F70FCE300B73828 /* AppDelegate.h */,
				A1947E721F70FCE300B73828 /* AppDelegate.m */,
				A1947E741F70FCE300B73828 /* ViewController.h */,
				A1947E751F70FCE300B73828 /* ViewController.m */,
				A1947E771F70FCE300B73828 /* Main.storyboard */,
				A1947E7A1F70FCE300B73828 /* Assets.xcassets */,
				A1947E7C1F70FCE300B73828 /* LaunchScreen.storyboard */,
				A1947E7F1F70FCE300B73828 /* Info.plist */,
				A1947E6E1F70FCE300B73828 /* Supporting Files */,
			);
			path = TouchUnLock;
			sourceTree = "<group>";
		};
		A1947E6E1F70FCE300B73828 /* Supporting Files */ = {
			isa = PBXGroup;
			children = (
				A1947E6F1F70FCE300B73828 /* main.m */,
			);
			name = "Supporting Files";
			sourceTree = "<group>";
		};
/* End PBXGroup section */

/* Begin PBXNativeTarget section */
		A1947E6A1F70FCE300B73828 /* TouchUnLock */ = {
			isa = PBXNativeTarget;
			buildConfigurationList = A1947E821F70FCE300B73828 /* Build configuration list for PBXNativeTarget "TouchUnLock" */;
			buildPhases = (
				A1947E671F70FCE300B73828 /* Sources */,
				A1947E681F70FCE300B73828 /* Frameworks */,
				A1947E691F70FCE300B73828 /* Resources */,
			);
			buildRules = (
			);
			dependencies = (
			);
			name = TouchUnLock;
			productName = TouchUnLock;
			productReference = A1947E6B1F70FCE300B73828 /* TouchUnLock.app */;
			productType = "com.apple.product-type.application";
		};
/* End PBXNativeTarget section */

/* Begin PBXProject section */
		A1947E631F70FCE300B73828 /* Project object */ = {
			isa = PBXProject;
			attributes = {
				LastUpgradeCheck = 0830;
				ORGANIZATIONNAME = JasonLee;
				TargetAttributes = {
					A1947E6A1F70FCE300B73828 = {
						CreatedOnToolsVersion = 8.3.3;
						DevelopmentTeam = 3F7TNEDH7K;
						ProvisioningStyle = Automatic;
					};
				};
			};
			buildConfigurationList = A1947E661F70FCE300B73828 /* Build configuration list for PBXProject "TouchUnLock" */;
			compatibilityVersion = "Xcode 3.2";
			developmentRegion = English;
			hasScannedForEncodings = 0;
			knownRegions = (
				en,
				Base,
			);
			mainGroup = A1947E621F70FCE300B73828;
			productRefGroup = A1947E6C1F70FCE300B73828 /* Products */;
			projectDirPath = "";
			projectRoot = "";
			targets = (
				A1947E6A1F70FCE300B73828 /* TouchUnLock */,
			);
		};
/* End PBXProject section */

/* Begin PBXResourcesBuildPhase section */
		A1947E691F70FCE300B73828 /* Resources */ = {
			isa = PBXResourcesBuildPhase;
			buildActionMask = 2147483647;
			files = (
				A1947E7E1F70FCE300B73828 /* LaunchScreen.storyboard in Resources */,
				A1947E7B1F70FCE300B73828 /* Assets.xcassets in Resources */,
				A1947E791F70FCE300B73828 /* Main.storyboard in Resources */,
			);
			runOnlyForDeploymentPostprocessing = 0;
		};
/* End PBXResourcesBuildPhase section */

/* Begin PBXSourcesBuildPhase section */
		A1947E671F70FCE300B73828 /* Sources */ = {
			isa = PBXSourcesBuildPhase;
			buildActionMask = 2147483647;
			files = (
				A1947E761F70FCE300B73828 /* ViewController.m in Sources */,
				A1947E731F70FCE300B73828 /* AppDelegate.m in Sources */,
				A1947E701F70FCE300B73828 /* main.m in Sources */,
			);
			runOnlyForDeploymentPostprocessing = 0;
		};
/* End PBXSourcesBuildPhase section */

/* Begin PBXVariantGroup section */
		A1947E771F70FCE300B73828 /* Main.storyboard */ = {
			isa = PBXVariantGroup;
			children = (
				A1947E781F70FCE300B73828 /* Base */,
			);
			name = Main.storyboard;
			sourceTree = "<group>";
		};
		A1947E7C1F70FCE300B73828 /* LaunchScreen.storyboard */ = {
			isa = PBXVariantGroup;
			children = (
				A1947E7D1F70FCE300B73828 /* Base */,
			);
			name = LaunchScreen.storyboard;
			sourceTree = "<group>";
		};
/* End PBXVariantGroup section */

/* Begin XCBuildConfiguration section */
		A1947E801F70FCE300B73828 /* Debug */ = {
			isa = XCBuildConfiguration;
			buildSettings = {
				ALWAYS_SEARCH_USER_PATHS = NO;
				CLANG_ANALYZER_NONNULL = YES;
				CLANG_ANALYZER_NUMBER_OBJECT_CONVERSION = YES_AGGRESSIVE;
				CLANG_CXX_LANGUAGE_STANDARD = "gnu++0x";
				CLANG_CXX_LIBRARY = "libc++";
				CLANG_ENABLE_MODULES = YES;
				CLANG_ENABLE_OBJC_ARC = YES;
				CLANG_WARN_BOOL_CONVERSION = YES;
				CLANG_WARN_CONSTANT_CONVERSION = YES;
				CLANG_WARN_DIRECT_OBJC_ISA_USAGE = YES_ERROR;
				CLANG_WARN_DOCUMENTATION_COMMENTS = YES;
				CLANG_WARN_EMPTY_BODY = YES;
				CLANG_WARN_ENUM_CONVERSION = YES;
				CLANG_WARN_INFINITE_RECURSION = YES;
				CLANG_WARN_INT_CONVERSION = YES;
				CLANG_WARN_OBJC_ROOT_CLASS = YES_ERROR;
				CLANG_WARN_SUSPICIOUS_MOVE = YES;
				CLANG_WARN_UNREACHABLE_CODE = YES;
				CLANG_WARN__DUPLICATE_METHOD_MATCH = YES;
				"CODE_SIGN_IDENTITY[sdk=iphoneos*]" = "iPhone Developer";
				COPY_PHASE_STRIP = NO;
				DEBUG_INFORMATION_FORMAT = dwarf;
				ENABLE_STRICT_OBJC_MSGSEND = YES;
				ENABLE_TESTABILITY = YES;
				GCC_C_LANGUAGE_STANDARD = gnu99;
				GCC_DYNAMIC_NO_PIC = NO;
				GCC_NO_COMMON_BLOCKS = YES;
				GCC_OPTIMIZATION_LEVEL = 0;
				GCC_PREPROCESSOR_DEFINITIONS = (
					"DEBUG=1",
					"$(inherited)",
				);
				GCC_WARN_64_TO_32_BIT_CONVERSION = YES;
				GCC_WARN_ABOUT_RETURN_TYPE = YES_ERROR;
				GCC_WARN_UNDECLARED_SELECTOR = YES;
				GCC_WARN_UNINITIALIZED_AUTOS = YES_AGGRESSIVE;
				GCC_WARN_UNUSED_FUNCTION = YES;
				GCC_WARN_UNUSED_VARIABLE = YES;
				IPHONEOS_DEPLOYMENT_TARGET = 10.3;
				MTL_ENABLE_DEBUG_INFO = YES;
				ONLY_ACTIVE_ARCH = YES;
				SDKROOT = iphoneos;
				TARGETED_DEVICE_FAMILY = "1,2";
			};
			name = Debug;
		};
		A1947E811F70FCE300B73828 /* Release */ = {
			isa = XCBuildConfiguration;
			buildSettings = {
				ALWAYS_SEARCH_USER_PATHS = NO;
				CLANG_ANALYZER_NONNULL = YES;
				CLANG_ANALYZER_NUMBER_OBJECT_CONVERSION = YES_AGGRESSIVE;
				CLANG_CXX_LANGUAGE_STANDARD = "gnu++0x";
				CLANG_CXX_LIBRARY = "libc++";
				CLANG_ENABLE_MODULES = YES;
				CLANG_ENABLE_OBJC_ARC = YES;
				CLANG_WARN_BOOL_CONVERSION = YES;
				CLANG_WARN_CONSTANT_CONVERSION = YES;
				CLANG_WARN_DIRECT_OBJC_ISA_USAGE = YES_ERROR;
				CLANG_WARN_DOCUMENTATION_COMMENTS = YES;
				CLANG_WARN_EMPTY_BODY = YES;
				CLANG_WARN_ENUM_CONVERSION = YES;
				CLANG_WARN_INFINITE_RECURSION = YES;
				CLANG_WARN_INT_CONVERSION = YES;
				CLANG_WARN_OBJC_ROOT_CLASS = YES_ERROR;
				CLANG_WARN_SUSPICIOUS_MOVE = YES;
				CLANG_WARN_UNREACHABLE_CODE = YES;
				CLANG_WARN__DUPLICATE_METHOD_MATCH = YES;
				"CODE_SIGN_IDENTITY[sdk=iphoneos*]" = "iPhone Developer";
				COPY_PHASE_STRIP = NO;
				DEBUG_INFORMATION_FORMAT = "dwarf-with-dsym";
				ENABLE_NS_ASSERTIONS = NO;
				ENABLE_STRICT_OBJC_MSGSEND = YES;
				GCC_C_LANGUAGE_STANDARD = gnu99;
				GCC_NO_COMMON_BLOCKS = YES;
				GCC_WARN_64_TO_32_BIT_CONVERSION = YES;
				GCC_WARN_ABOUT_RETURN_TYPE = YES_ERROR;
				GCC_WARN_UNDECLARED_SELECTOR = YES;
				GCC_WARN_UNINITIALIZED_AUTOS = YES_AGGRESSIVE;
				GCC_WARN_UNUSED_FUNCTION = YES;
				GCC_WARN_UNUSED_VARIABLE = YES;
				IPHONEOS_DEPLOYMENT_TARGET = 10.3;
				MTL_ENABLE_DEBUG_INFO = NO;
				SDKROOT = iphoneos;
				TARGETED_DEVICE_FAMILY = "1,2";
				VALIDATE_PRODUCT = YES;
			};
			name = Release;
		};
		A1947E831F70FCE300B73828 /* Debug */ = {
			isa = XCBuildConfiguration;
			buildSettings = {
				ASSETCATALOG_COMPILER_APPICON_NAME = AppIcon;
				DEVELOPMENT_TEAM = 3F7TNEDH7K;
				INFOPLIST_FILE = TouchUnLock/Info.plist;
				LD_RUNPATH_SEARCH_PATHS = "$(inherited) @executable_path/Frameworks";
				PRODUCT_BUNDLE_IDENTIFIER = com.juying.TouchUnLock;
				PRODUCT_NAME = "$(TARGET_NAME)";
			};
			name = Debug;
		};
		A1947E841F70FCE300B73828 /* Release */ = {
			isa = XCBuildConfiguration;
			buildSettings = {
				ASSETCATALOG_COMPILER_APPICON_NAME = AppIcon;
				DEVELOPMENT_TEAM = 3F7TNEDH7K;
				INFOPLIST_FILE = TouchUnLock/Info.plist;
				LD_RUNPATH_SEARCH_PATHS = "$(inherited) @executable_path/Frameworks";
				PRODUCT_BUNDLE_IDENTIFIER = com.juying.TouchUnLock;
				PRODUCT_NAME = "$(TARGET_NAME)";
			};
			name = Release;
		};
/* End XCBuildConfiguration section */

/* Begin XCConfigurationList section */
		A1947E661F70FCE300B73828 /* Build configuration list for PBXProject "TouchUnLock" */ = {
			isa = XCConfigurationList;
			buildConfigurations = (
				A1947E801F70FCE300B73828 /* Debug */,
				A1947E811F70FCE300B73828 /* Release */,
			);
			defaultConfigurationIsVisible = 0;
			defaultConfigurationName = Release;
		};
		A1947E821F70FCE300B73828 /* Build configuration list for PBXNativeTarget "TouchUnLock" */ = {
			isa = XCConfigurationList;
			buildConfigurations = (
				A1947E831F70FCE300B73828 /* Debug */,
				A1947E841F70FCE300B73828 /* Release */,
			);
			defaultConfigurationIsVisible = 0;
		};
/* End XCConfigurationList section */
	};
	rootObject = A1947E631F70FCE300B73828 /* Project object */;
}
